
Microsoft Visual Studio Solution File, Format Version 12.00
# Visual Studio Version 17
VisualStudioVersion = 17.5.33516.290
MinimumVisualStudioVersion = 10.0.40219.1
Project("{FAE04EC0-301F-11D3-BF4B-00C04F79EFBC}") = "NLOverlay", "NLOverlay\NLOverlay.csproj", "{F386AC95-D15C-49DF-A672-AE3C2B0F36DF}"
EndProject
Project("{FAE04EC0-301F-11D3-BF4B-00C04F79EFBC}") = "NLOverlay.Tests", "NLOverlay.Tests\NLOverlay.Tests.csproj", "{BE1B3E4A-C4C0-4FF7-A174-E232B8699EA9}"
EndProject
Global
	GlobalSection(SolutionConfigurationPlatforms) = preSolution
		Debug|Any CPU = Debug|Any CPU
		Release|Any CPU = Release|Any CPU
	EndGlobalSection
	GlobalSection(ProjectConfigurationPlatforms) = postSolution
		{F386AC95-D15C-49DF-A672-AE3C2B0F36DF}.Debug|Any CPU.ActiveCfg = Debug|Any CPU
		{F386AC95-D15C-49DF-A672-AE3C2B0F36DF}.Debug|Any CPU.Build.0 = Debug|Any CPU
		{F386AC95-D15C-49DF-A672-AE3C2B0F36DF}.Release|Any CPU.ActiveCfg = Release|Any CPU
		{F386AC95-D15C-49DF-A672-AE3C2B0F36DF}.Release|Any CPU.Build.0 = Release|Any CPU
		{BE1B3E4A-C4C0-4FF7-A174-E232B8699EA9}.Debug|Any CPU.ActiveCfg = Debug|Any CPU
		{BE1B3E4A-C4C0-4FF7-A174-E232B8699EA9}.Debug|Any CPU.Build.0 = Debug|Any CPU
		{BE1B3E4A-C4C0-4FF7-A174-E232B8699EA9}.Release|Any CPU.ActiveCfg = Release|Any CPU
		{BE1B3E4A-C4C0-4FF7-A174-E232B8699EA9}.Release|Any CPU.Build.0 = Release|Any CPU
	EndGlobalSection
	GlobalSection(SolutionProperties) = preSolution
		HideSolutionNode = FALSE
	EndGlobalSection
	GlobalSection(ExtensibilityGlobals) = postSolution
		SolutionGuid = {BD7E2643-C746-4E7A-9E2D-56CDB5383E4A}
	EndGlobalSection
EndGlobal
